
Microsoft Visual Studio Solution File, Format Version 12.00
# Visual Studio Version 17
VisualStudioVersion = 17.6.33829.357
MinimumVisualStudioVersion = 10.0.40219.1
Project("{9A19103F-16F7-4668-BE54-9A1E7A4F7556}") = "BulkyDotnet", "BulkyDotnet\BulkyDotnet.csproj", "{579F16A8-B7DE-43A2-A832-EB3748D0D91E}"
EndProject
Project("{FAE04EC0-301F-11D3-BF4B-00C04F79EFBC}") = "BulkyRazor_Temp", "BulkyRazor_Temp\BulkyRazor_Temp.csproj", "{BA408712-5289-4CEC-8A1E-D020CE31F54F}"
EndProject
Global
	GlobalSection(SolutionConfigurationPlatforms) = preSolution
		Debug|Any CPU = Debug|Any CPU
		Release|Any CPU = Release|Any CPU
	EndGlobalSection
	GlobalSection(ProjectConfigurationPlatforms) = postSolution
		{579F16A8-B7DE-43A2-A832-EB3748D0D91E}.Debug|Any CPU.ActiveCfg = Debug|Any CPU
		{579F16A8-B7DE-43A2-A832-EB3748D0D91E}.Debug|Any CPU.Build.0 = Debug|Any CPU
		{579F16A8-B7DE-43A2-A832-EB3748D0D91E}.Release|Any CPU.ActiveCfg = Release|Any CPU
		{579F16A8-B7DE-43A2-A832-EB3748D0D91E}.Release|Any CPU.Build.0 = Release|Any CPU
		{BA408712-5289-4CEC-8A1E-D020CE31F54F}.Debug|Any CPU.ActiveCfg = Debug|Any CPU
		{BA408712-5289-4CEC-8A1E-D020CE31F54F}.Debug|Any CPU.Build.0 = Debug|Any CPU
		{BA408712-5289-4CEC-8A1E-D020CE31F54F}.Release|Any CPU.ActiveCfg = Release|Any CPU
		{BA408712-5289-4CEC-8A1E-D020CE31F54F}.Release|Any CPU.Build.0 = Release|Any CPU
	EndGlobalSection
	GlobalSection(SolutionProperties) = preSolution
		HideSolutionNode = FALSE
	EndGlobalSection
	GlobalSection(ExtensibilityGlobals) = postSolution
		SolutionGuid = {FED4B9BC-0F9E-4728-994A-BAE26DE0C7D1}
	EndGlobalSection
EndGlobal
